{
  "name": "okevite",
  "version": "1.0.2",
  "lockfileVersion": 3,
  "requires": true,
  "packages": {
    "": {
      "name": "okevite",
      "version": "1.0.2",
      "license": "ISC",
      "dependencies": {
        "okevite": "^1.0.2"
      },
      "bin": {
        "okanvite": "okanvite.sh"
      }
    },
    "node_modules/okevite": {
      "version": "1.0.2",
      "resolved": "https://registry.npmjs.org/okevite/-/okevite-1.0.2.tgz",
      "integrity": "sha512-fkwGPy5h1ZJ9IpbQGL8hrUtupxXIQ/66k6x54rIMl95Ddsz+G0qeCCnIPMHWI6J0ortoqC9IUNid3AJ0vVVHUg==",
      "bin": {
        "okanvite": "okanvite.sh"
      }
    }
  }
}
